
Microsoft Visual Studio Solution File, Format Version 12.00
# Visual Studio Version 17
VisualStudioVersion = 17.3.32929.385
MinimumVisualStudioVersion = 10.0.40219.1
Project("{FAE04EC0-301F-11D3-BF4B-00C04F79EFBC}") = "ETSLibraryClass", "ETSLibraryClass.csproj", "{A6A0A264-B16C-4357-AD96-D837E364107A}"
EndProject
Global
	GlobalSection(SolutionConfigurationPlatforms) = preSolution
		Debug|Any CPU = Debug|Any CPU
		Release|Any CPU = Release|Any CPU
	EndGlobalSection
	GlobalSection(ProjectConfigurationPlatforms) = postSolution
		{A6A0A264-B16C-4357-AD96-D837E364107A}.Debug|Any CPU.ActiveCfg = Debug|Any CPU
		{A6A0A264-B16C-4357-AD96-D837E364107A}.Debug|Any CPU.Build.0 = Debug|Any CPU
		{A6A0A264-B16C-4357-AD96-D837E364107A}.Release|Any CPU.ActiveCfg = Release|Any CPU
		{A6A0A264-B16C-4357-AD96-D837E364107A}.Release|Any CPU.Build.0 = Release|Any CPU
	EndGlobalSection
	GlobalSection(SolutionProperties) = preSolution
		HideSolutionNode = FALSE
	EndGlobalSection
	GlobalSection(ExtensibilityGlobals) = postSolution
		SolutionGuid = {CD5367B7-89EB-4481-ABAC-FBF1642D68B8}
	EndGlobalSection
EndGlobal
