
Microsoft Visual Studio Solution File, Format Version 12.00
# Visual Studio Version 17
VisualStudioVersion = 17.3.32929.385
MinimumVisualStudioVersion = 10.0.40219.1
Project("{FAE04EC0-301F-11D3-BF4B-00C04F79EFBC}") = "Project_ETS_winForm", "Project_ETS_winForm.csproj", "{22094D15-9968-4E7F-8583-E98105D08E6B}"
EndProject
Global
	GlobalSection(SolutionConfigurationPlatforms) = preSolution
		Debug|Any CPU = Debug|Any CPU
		Release|Any CPU = Release|Any CPU
	EndGlobalSection
	GlobalSection(ProjectConfigurationPlatforms) = postSolution
		{22094D15-9968-4E7F-8583-E98105D08E6B}.Debug|Any CPU.ActiveCfg = Debug|Any CPU
		{22094D15-9968-4E7F-8583-E98105D08E6B}.Debug|Any CPU.Build.0 = Debug|Any CPU
		{22094D15-9968-4E7F-8583-E98105D08E6B}.Release|Any CPU.ActiveCfg = Release|Any CPU
		{22094D15-9968-4E7F-8583-E98105D08E6B}.Release|Any CPU.Build.0 = Release|Any CPU
	EndGlobalSection
	GlobalSection(SolutionProperties) = preSolution
		HideSolutionNode = FALSE
	EndGlobalSection
	GlobalSection(ExtensibilityGlobals) = postSolution
		SolutionGuid = {BE5EE59B-A4BF-41BE-B568-127273F7744D}
	EndGlobalSection
EndGlobal
